
Microsoft Visual Studio Solution File, Format Version 12.00
# Visual Studio Version 17
VisualStudioVersion = 17.9.34607.119
MinimumVisualStudioVersion = 10.0.40219.1
Project("{FAE04EC0-301F-11D3-BF4B-00C04F79EFBC}") = "WebApplication1", "WebApplication1\WebApplication1.csproj", "{733897AC-D680-4763-8EF2-E08EB3314E9A}"
EndProject
Global
	GlobalSection(SolutionConfigurationPlatforms) = preSolution
		Debug|Any CPU = Debug|Any CPU
		Release|Any CPU = Release|Any CPU
	EndGlobalSection
	GlobalSection(ProjectConfigurationPlatforms) = postSolution
		{733897AC-D680-4763-8EF2-E08EB3314E9A}.Debug|Any CPU.ActiveCfg = Debug|Any CPU
		{733897AC-D680-4763-8EF2-E08EB3314E9A}.Debug|Any CPU.Build.0 = Debug|Any CPU
		{733897AC-D680-4763-8EF2-E08EB3314E9A}.Release|Any CPU.ActiveCfg = Release|Any CPU
		{733897AC-D680-4763-8EF2-E08EB3314E9A}.Release|Any CPU.Build.0 = Release|Any CPU
	EndGlobalSection
	GlobalSection(SolutionProperties) = preSolution
		HideSolutionNode = FALSE
	EndGlobalSection
	GlobalSection(ExtensibilityGlobals) = postSolution
		SolutionGuid = {1BC4D1B8-AF02-4133-B33A-539E6F2358F3}
	EndGlobalSection
EndGlobal
